
Microsoft Visual Studio Solution File, Format Version 12.00
# Visual Studio Version 16
VisualStudioVersion = 16.0.29926.136
MinimumVisualStudioVersion = 10.0.40219.1
Project("{FAE04EC0-301F-11D3-BF4B-00C04F79EFBC}") = "HelloWorld", "HelloWorld.csproj", "{20BF64F9-0ED3-4C98-9C5A-7B98512337E6}"
EndProject
Project("{2150E333-8FDC-42A3-9474-1A3956D46DE8}") = "Solution Items", "Solution Items", "{A1009691-52EC-4C9D-AFDC-FD9EE0006B8C}"
	ProjectSection(SolutionItems) = preProject
		README.md = README.md
	EndProjectSection
EndProject
Project("{FAE04EC0-301F-11D3-BF4B-00C04F79EFBC}") = "PrimitiveTypes", "PrimitiveTypes\PrimitiveTypes.csproj", "{62AB82D1-010D-473F-9F1D-F86A8A321197}"
EndProject
Global
	GlobalSection(SolutionConfigurationPlatforms) = preSolution
		Debug|Any CPU = Debug|Any CPU
		Release|Any CPU = Release|Any CPU
	EndGlobalSection
	GlobalSection(ProjectConfigurationPlatforms) = postSolution
		{20BF64F9-0ED3-4C98-9C5A-7B98512337E6}.Debug|Any CPU.ActiveCfg = Debug|Any CPU
		{20BF64F9-0ED3-4C98-9C5A-7B98512337E6}.Debug|Any CPU.Build.0 = Debug|Any CPU
		{20BF64F9-0ED3-4C98-9C5A-7B98512337E6}.Release|Any CPU.ActiveCfg = Release|Any CPU
		{20BF64F9-0ED3-4C98-9C5A-7B98512337E6}.Release|Any CPU.Build.0 = Release|Any CPU
		{62AB82D1-010D-473F-9F1D-F86A8A321197}.Debug|Any CPU.ActiveCfg = Debug|Any CPU
		{62AB82D1-010D-473F-9F1D-F86A8A321197}.Debug|Any CPU.Build.0 = Debug|Any CPU
		{62AB82D1-010D-473F-9F1D-F86A8A321197}.Release|Any CPU.ActiveCfg = Release|Any CPU
		{62AB82D1-010D-473F-9F1D-F86A8A321197}.Release|Any CPU.Build.0 = Release|Any CPU
	EndGlobalSection
	GlobalSection(SolutionProperties) = preSolution
		HideSolutionNode = FALSE
	EndGlobalSection
	GlobalSection(ExtensibilityGlobals) = postSolution
		SolutionGuid = {E5E8E241-5A73-4FAD-B964-ADEB2121BE0F}
	EndGlobalSection
EndGlobal
